
Microsoft Visual Studio Solution File, Format Version 12.00
# Visual Studio Version 17
VisualStudioVersion = 17.1.32210.238
MinimumVisualStudioVersion = 10.0.40219.1
Project("{FAE04EC0-301F-11D3-BF4B-00C04F79EFBC}") = "FirstProject", "FirstProject\FirstProject.csproj", "{661E2BD1-46D7-42DC-BA9C-05520AE10CFF}"
EndProject
Global
	GlobalSection(SolutionConfigurationPlatforms) = preSolution
		Debug|Any CPU = Debug|Any CPU
		Release|Any CPU = Release|Any CPU
	EndGlobalSection
	GlobalSection(ProjectConfigurationPlatforms) = postSolution
		{661E2BD1-46D7-42DC-BA9C-05520AE10CFF}.Debug|Any CPU.ActiveCfg = Debug|Any CPU
		{661E2BD1-46D7-42DC-BA9C-05520AE10CFF}.Debug|Any CPU.Build.0 = Debug|Any CPU
		{661E2BD1-46D7-42DC-BA9C-05520AE10CFF}.Release|Any CPU.ActiveCfg = Release|Any CPU
		{661E2BD1-46D7-42DC-BA9C-05520AE10CFF}.Release|Any CPU.Build.0 = Release|Any CPU
	EndGlobalSection
	GlobalSection(SolutionProperties) = preSolution
		HideSolutionNode = FALSE
	EndGlobalSection
	GlobalSection(ExtensibilityGlobals) = postSolution
		SolutionGuid = {49086D4A-7B1C-45EB-ADBF-E60A96767034}
	EndGlobalSection
EndGlobal
